Microsoft Visual Studio Solution File, Format Version 12.00
# Visual Studio Version 17
VisualStudioVersion = 17.0.31903.59
MinimumVisualStudioVersion = 10.0.40219.1
Project("{9A19103F-16F7-4668-BE54-9A1E7A4F7556}") = "TestFlowDemo", "TestFlowDemo.csproj", "{A1A2A3A4-B5B6-47C8-9D1E-000000000001}"
EndProject
Project("{2150E333-8FDC-42A3-9474-1A3956D46DE8}") = "Libraries", "Libraries", "{D2060278-21A8-40C0-B9C3-482C16ECC84E}"
EndProject
Project("{9A19103F-16F7-4668-BE54-9A1E7A4F7556}") = "ZL.DeviceLib", "..\Libraries\ZL.DeviceLib\ZL.DeviceLib.csproj", "{3EF362FC-57A7-4D41-BEFA-649021F318E6}"
EndProject
Project("{9A19103F-16F7-4668-BE54-9A1E7A4F7556}") = "ZL.WorkflowLib", "..\Libraries\ZL.WorkflowLib\ZL.WorkflowLib.csproj", "{98F90897-685A-4CFB-A8DF-BDA209B37981}"
EndProject
Project("{2150E333-8FDC-42A3-9474-1A3956D46DE8}") = "PluginsSrc", "PluginsSrc", "{774F1FD7-24FE-449C-B614-9F34F859CC7B}"
EndProject
Project("{9A19103F-16F7-4668-BE54-9A1E7A4F7556}") = "MyDriver", "..\PluginsSrc\MyDriver\MyDriver.csproj", "{3DC3B733-88C9-4AB0-A14F-AAE36012D08D}"
EndProject
Project("{9A19103F-16F7-4668-BE54-9A1E7A4F7556}") = "TestFlowDemo.Tests", "..\TestFlowDemo.Tests\TestFlowDemo.Tests.csproj", "{C69B85DF-3893-4EA7-9CBB-1DD791288880}"
EndProject
Project("{2150E333-8FDC-42A3-9474-1A3956D46DE8}") = "Tools", "Tools", "{F4570127-5488-49D6-AD1E-78E8FBD5D854}"
EndProject
Project("{9A19103F-16F7-4668-BE54-9A1E7A4F7556}") = "FlowCli", "..\Tools\FlowCli\FlowCli.csproj", "{EF5C99DD-987F-43AE-A199-F41B1B07AB86}"
EndProject
Project("{9A19103F-16F7-4668-BE54-9A1E7A4F7556}") = "SeatTest", "..\..\SeatTest\SeatTest.csproj", "{82E724F7-BD71-4A72-9046-BF22C6E281D8}"
EndProject
Project("{FAE04EC0-301F-11D3-BF4B-00C04F79EFBC}") = "eSeatTest", "..\..\SateTest\eSeatTest.csproj", "{2EBE1AA2-263E-4634-BDD7-71CF22144812}"
EndProject
Project("{FAE04EC0-301F-11D3-BF4B-00C04F79EFBC}") = "ZL.DB.Acc", "..\..\..\1-Code\ZL.Plugin\ZL.DB.Acc\ZL.DB.Acc.csproj", "{788CED8F-1A43-4E94-8802-0CAC09507E91}"
EndProject
Global
	GlobalSection(SolutionConfigurationPlatforms) = preSolution
		Debug|Any CPU = Debug|Any CPU
		Release|Any CPU = Release|Any CPU
	EndGlobalSection
	GlobalSection(ProjectConfigurationPlatforms) = postSolution
		{A1A2A3A4-B5B6-47C8-9D1E-000000000001}.Debug|Any CPU.ActiveCfg = Debug|Any CPU
		{A1A2A3A4-B5B6-47C8-9D1E-000000000001}.Debug|Any CPU.Build.0 = Debug|Any CPU
		{A1A2A3A4-B5B6-47C8-9D1E-000000000001}.Release|Any CPU.ActiveCfg = Release|Any CPU
		{A1A2A3A4-B5B6-47C8-9D1E-000000000001}.Release|Any CPU.Build.0 = Release|Any CPU
		{3EF362FC-57A7-4D41-BEFA-649021F318E6}.Debug|Any CPU.ActiveCfg = Debug|Any CPU
		{3EF362FC-57A7-4D41-BEFA-649021F318E6}.Debug|Any CPU.Build.0 = Debug|Any CPU
		{3EF362FC-57A7-4D41-BEFA-649021F318E6}.Release|Any CPU.ActiveCfg = Release|Any CPU
		{3EF362FC-57A7-4D41-BEFA-649021F318E6}.Release|Any CPU.Build.0 = Release|Any CPU
		{98F90897-685A-4CFB-A8DF-BDA209B37981}.Debug|Any CPU.ActiveCfg = Debug|Any CPU
		{98F90897-685A-4CFB-A8DF-BDA209B37981}.Debug|Any CPU.Build.0 = Debug|Any CPU
		{98F90897-685A-4CFB-A8DF-BDA209B37981}.Release|Any CPU.ActiveCfg = Release|Any CPU
		{98F90897-685A-4CFB-A8DF-BDA209B37981}.Release|Any CPU.Build.0 = Release|Any CPU
		{3DC3B733-88C9-4AB0-A14F-AAE36012D08D}.Debug|Any CPU.ActiveCfg = Debug|Any CPU
		{3DC3B733-88C9-4AB0-A14F-AAE36012D08D}.Debug|Any CPU.Build.0 = Debug|Any CPU
		{3DC3B733-88C9-4AB0-A14F-AAE36012D08D}.Release|Any CPU.ActiveCfg = Release|Any CPU
		{3DC3B733-88C9-4AB0-A14F-AAE36012D08D}.Release|Any CPU.Build.0 = Release|Any CPU
		{C69B85DF-3893-4EA7-9CBB-1DD791288880}.Debug|Any CPU.ActiveCfg = Debug|Any CPU
		{C69B85DF-3893-4EA7-9CBB-1DD791288880}.Debug|Any CPU.Build.0 = Debug|Any CPU
		{C69B85DF-3893-4EA7-9CBB-1DD791288880}.Release|Any CPU.ActiveCfg = Release|Any CPU
		{C69B85DF-3893-4EA7-9CBB-1DD791288880}.Release|Any CPU.Build.0 = Release|Any CPU
		{EF5C99DD-987F-43AE-A199-F41B1B07AB86}.Debug|Any CPU.ActiveCfg = Debug|Any CPU
		{EF5C99DD-987F-43AE-A199-F41B1B07AB86}.Debug|Any CPU.Build.0 = Debug|Any CPU
		{EF5C99DD-987F-43AE-A199-F41B1B07AB86}.Release|Any CPU.ActiveCfg = Release|Any CPU
		{EF5C99DD-987F-43AE-A199-F41B1B07AB86}.Release|Any CPU.Build.0 = Release|Any CPU
		{82E724F7-BD71-4A72-9046-BF22C6E281D8}.Debug|Any CPU.ActiveCfg = Debug|Any CPU
		{82E724F7-BD71-4A72-9046-BF22C6E281D8}.Debug|Any CPU.Build.0 = Debug|Any CPU
		{82E724F7-BD71-4A72-9046-BF22C6E281D8}.Release|Any CPU.ActiveCfg = Release|Any CPU
		{82E724F7-BD71-4A72-9046-BF22C6E281D8}.Release|Any CPU.Build.0 = Release|Any CPU
		{2EBE1AA2-263E-4634-BDD7-71CF22144812}.Debug|Any CPU.ActiveCfg = Debug|Any CPU
		{2EBE1AA2-263E-4634-BDD7-71CF22144812}.Debug|Any CPU.Build.0 = Debug|Any CPU
		{2EBE1AA2-263E-4634-BDD7-71CF22144812}.Release|Any CPU.ActiveCfg = Release|Any CPU
		{2EBE1AA2-263E-4634-BDD7-71CF22144812}.Release|Any CPU.Build.0 = Release|Any CPU
		{788CED8F-1A43-4E94-8802-0CAC09507E91}.Debug|Any CPU.ActiveCfg = Debug|Any CPU
		{788CED8F-1A43-4E94-8802-0CAC09507E91}.Debug|Any CPU.Build.0 = Debug|Any CPU
		{788CED8F-1A43-4E94-8802-0CAC09507E91}.Release|Any CPU.ActiveCfg = Release|Any CPU
		{788CED8F-1A43-4E94-8802-0CAC09507E91}.Release|Any CPU.Build.0 = Release|Any CPU
	EndGlobalSection
	GlobalSection(SolutionProperties) = preSolution
		HideSolutionNode = FALSE
	EndGlobalSection
	GlobalSection(NestedProjects) = preSolution
		{3EF362FC-57A7-4D41-BEFA-649021F318E6} = {D2060278-21A8-40C0-B9C3-482C16ECC84E}
		{98F90897-685A-4CFB-A8DF-BDA209B37981} = {D2060278-21A8-40C0-B9C3-482C16ECC84E}
		{3DC3B733-88C9-4AB0-A14F-AAE36012D08D} = {774F1FD7-24FE-449C-B614-9F34F859CC7B}
		{EF5C99DD-987F-43AE-A199-F41B1B07AB86} = {F4570127-5488-49D6-AD1E-78E8FBD5D854}
	EndGlobalSection
	GlobalSection(ExtensibilityGlobals) = postSolution
		SolutionGuid = {93FA230C-3F7B-447D-9DC8-C57F4C4DD96F}
	EndGlobalSection
EndGlobal
